
Microsoft Visual Studio Solution File, Format Version 12.00
Project("{FAE04EC0-301F-11D3-BF4B-00C04F79EFBC}") = "Gems_Lab3", "Gems_Lab3\Gems_Lab3.csproj", "{879A1B15-DB5D-4770-8811-185F26BA96CE}"
EndProject
Global
	GlobalSection(SolutionConfigurationPlatforms) = preSolution
		Debug|Any CPU = Debug|Any CPU
		Release|Any CPU = Release|Any CPU
	EndGlobalSection
	GlobalSection(ProjectConfigurationPlatforms) = postSolution
		{879A1B15-DB5D-4770-8811-185F26BA96CE}.Debug|Any CPU.ActiveCfg = Debug|Any CPU
		{879A1B15-DB5D-4770-8811-185F26BA96CE}.Debug|Any CPU.Build.0 = Debug|Any CPU
		{879A1B15-DB5D-4770-8811-185F26BA96CE}.Release|Any CPU.ActiveCfg = Release|Any CPU
		{879A1B15-DB5D-4770-8811-185F26BA96CE}.Release|Any CPU.Build.0 = Release|Any CPU
	EndGlobalSection
EndGlobal
