
Microsoft Visual Studio Solution File, Format Version 12.00
Project("{FAE04EC0-301F-11D3-BF4B-00C04F79EFBC}") = "CoffeeMachineModel", "CoffeeMachineModel\CoffeeMachineModel.csproj", "{84BF81CD-3D91-41DB-89FC-C84D068F1B30}"
EndProject
Project("{FAE04EC0-301F-11D3-BF4B-00C04F79EFBC}") = "CoffeeMachineUI", "CoffeeMachineUI\CoffeeMachineUI.csproj", "{D4E470A9-2530-417C-8548-6B843C30E4B1}"
EndProject
Project("{FAE04EC0-301F-11D3-BF4B-00C04F79EFBC}") = "CoffeeMachine.Tests", "CoffeeMachine.Tests\CoffeeMachine.Tests.csproj", "{9B8189EA-932E-4B80-970D-5C6C5A498B48}"
EndProject
Global
	GlobalSection(SolutionConfigurationPlatforms) = preSolution
		Debug|Any CPU = Debug|Any CPU
		Release|Any CPU = Release|Any CPU
	EndGlobalSection
	GlobalSection(ProjectConfigurationPlatforms) = postSolution
		{84BF81CD-3D91-41DB-89FC-C84D068F1B30}.Debug|Any CPU.ActiveCfg = Debug|Any CPU
		{84BF81CD-3D91-41DB-89FC-C84D068F1B30}.Debug|Any CPU.Build.0 = Debug|Any CPU
		{84BF81CD-3D91-41DB-89FC-C84D068F1B30}.Release|Any CPU.ActiveCfg = Release|Any CPU
		{84BF81CD-3D91-41DB-89FC-C84D068F1B30}.Release|Any CPU.Build.0 = Release|Any CPU
		{D4E470A9-2530-417C-8548-6B843C30E4B1}.Debug|Any CPU.ActiveCfg = Debug|Any CPU
		{D4E470A9-2530-417C-8548-6B843C30E4B1}.Debug|Any CPU.Build.0 = Debug|Any CPU
		{D4E470A9-2530-417C-8548-6B843C30E4B1}.Release|Any CPU.ActiveCfg = Release|Any CPU
		{D4E470A9-2530-417C-8548-6B843C30E4B1}.Release|Any CPU.Build.0 = Release|Any CPU
		{9B8189EA-932E-4B80-970D-5C6C5A498B48}.Debug|Any CPU.ActiveCfg = Debug|Any CPU
		{9B8189EA-932E-4B80-970D-5C6C5A498B48}.Debug|Any CPU.Build.0 = Debug|Any CPU
		{9B8189EA-932E-4B80-970D-5C6C5A498B48}.Release|Any CPU.ActiveCfg = Release|Any CPU
		{9B8189EA-932E-4B80-970D-5C6C5A498B48}.Release|Any CPU.Build.0 = Release|Any CPU
	EndGlobalSection
EndGlobal
